{
    "version": 3,
    "terraform_version": "0.8.6",
    "serial": 39,
    "lineage": "17829716-d82b-434c-b892-6c65b7831ab8",
    "modules": [
        {
            "path": [
                "root"
            ],
            "outputs": {
                "address": {
                    "sensitive": false,
                    "type": "string",
                    "value": "213.32.114.194"
                }
            },
            "resources": {
                "openstack_compute_floatingip_v2.terraform": {
                    "type": "openstack_compute_floatingip_v2",
                    "depends_on": [
                        "openstack_networking_router_interface_v2.terraform"
                    ],
                    "primary": {
                        "id": "e397b278-21b0-4e16-a789-bd94727f57d2",
                        "attributes": {
                            "address": "213.32.114.194",
                            "fixed_ip": "",
                            "id": "e397b278-21b0-4e16-a789-bd94727f57d2",
                            "instance_id": "",
                            "pool": "internet_floating_net",
                            "region": "RegionOne"
                        },
                        "meta": {},
                        "tainted": false
                    },
                    "deposed": [],
                    "provider": ""
                },
                "openstack_compute_instance_v2.terraform": {
                    "type": "openstack_compute_instance_v2",
                    "depends_on": [
                        "openstack_compute_floatingip_v2.terraform",
                        "openstack_compute_keypair_v2.terraform",
                        "openstack_compute_secgroup_v2.terraform",
                        "openstack_networking_network_v2.terraform"
                    ],
                    "primary": {
                        "id": "d659dd88-9d8e-46da-b307-fb064abe2852",
                        "attributes": {
                            "access_ip_v4": "213.32.114.194",
                            "access_ip_v6": "",
                            "flavor_id": "2404e0b1-81fd-4bac-b035-f809f0d76036",
                            "flavor_name": "Large",
                            "floating_ip": "213.32.114.194",
                            "id": "d659dd88-9d8e-46da-b307-fb064abe2852",
                            "image_id": "87e9c7a3-c998-49f6-bf71-9b4961e08351",
                            "image_name": "CentOS-7-x86_64-1702",
                            "key_pair": "terraform",
                            "metadata.%": "0",
                            "name": "terraform",
                            "network.#": "1",
                            "network.0.access_network": "false",
                            "network.0.fixed_ip_v4": "192.168.199.5",
                            "network.0.fixed_ip_v6": "",
                            "network.0.floating_ip": "213.32.114.194",
                            "network.0.mac": "fa:16:3e:00:84:19",
                            "network.0.name": "terraform",
                            "network.0.port": "",
                            "network.0.uuid": "a69dcecb-6fe7-4d46-bb84-a673ebb1a814",
                            "region": "RegionOne",
                            "security_groups.#": "1",
                            "security_groups.969816526": "terraform",
                            "stop_before_destroy": "false",
                            "volume.#": "0"
                        },
                        "meta": {},
                        "tainted": false
                    },
                    "deposed": [],
                    "provider": ""
                },
                "openstack_compute_keypair_v2.terraform": {
                    "type": "openstack_compute_keypair_v2",
                    "depends_on": [],
                    "primary": {
                        "id": "terraform",
                        "attributes": {
                            "id": "terraform",
                            "name": "terraform",
                            "public_key": "ssh-rsa AAAAB3NzaC1yc2EAAAADAQABAAACAQDIX/Fw4wNHErXOmgQoN28h5SaaqMWgDuZ0+bYjxVWxhf7u7vdfZ+P+JqJHzMNYZem+V2ttksnBc4Q8cWjkleUz9eim6isR/V3CGZqW8o4q4/KPHY7bCsdoL2hHN0hk3KTWBgo0G1g8m7gpzv/3bPIa6eUZ0EvWcNl4s9h3CzgffjnDpq2k4sh2K388xRMNWvmEbiKGVi5xwtjb0I5wZq69sAHdnd4qf3aE3gVEgMBKRRlrOZWzP2bqIo46m4xqja7dav2vH76u5PbEewQ/+Gu5huF33ayp65Wr7NHuzhDmB9zbYwNJprzWSjE0duQTBWcDIC2l4K+RDt6jCKIhxT2BdRyaA45jgXzz0iUNkbWKKkx4qoreuCoK+Wp8hfNFtcOKHsNH+umw+8Hy+CYDBOhqz94kUu/dIxRiPSW1At2tC5rJpSJMGn/7WWTjV2SnkHO97sGOroljnQMedsXxAxdDP3+VBHZYSmKkDFB1gF1zJapAYIavZAsIZQNdf24AsOZA4apUcTB6fnoOhv7ReH2pszfjR+yfSPyKIp+PN+yPSJwOEtSKzWuH8BqI8JeddniR4mSRDa5pNOdV1KyqIXxzJTgUZacwyQV4zjjmgejus0HuAgAFk8hgEuV6mNYODTSMn5QXQjZxMz/dSekdU7Li/8ydzW6Rck5H0faC1tlY5Q== jcuadrado@redbeard-consulting.fr\n",
                            "region": "RegionOne"
                        },
                        "meta": {},
                        "tainted": false
                    },
                    "deposed": [],
                    "provider": ""
                },
                "openstack_compute_secgroup_v2.terraform": {
                    "type": "openstack_compute_secgroup_v2",
                    "depends_on": [],
                    "primary": {
                        "id": "e88fd82e-5940-4dd3-8b82-749ec4e5ebb2",
                        "attributes": {
                            "description": "Security group for the Terraform example instances",
                            "id": "e88fd82e-5940-4dd3-8b82-749ec4e5ebb2",
                            "name": "terraform",
                            "region": "RegionOne",
                            "rule.#": "4",
                            "rule.2180185248.cidr": "0.0.0.0/0",
                            "rule.2180185248.from_group_id": "",
                            "rule.2180185248.from_port": "-1",
                            "rule.2180185248.id": "282199e3-3344-4e2b-97c2-6a7ba8beb6e3",
                            "rule.2180185248.ip_protocol": "icmp",
                            "rule.2180185248.self": "false",
                            "rule.2180185248.to_port": "-1",
                            "rule.3211544828.cidr": "0.0.0.0/0",
                            "rule.3211544828.from_group_id": "",
                            "rule.3211544828.from_port": "443",
                            "rule.3211544828.id": "c9851a24-d637-4b58-ab14-efe7d6eff059",
                            "rule.3211544828.ip_protocol": "tcp",
                            "rule.3211544828.self": "false",
                            "rule.3211544828.to_port": "443",
                            "rule.3719211069.cidr": "0.0.0.0/0",
                            "rule.3719211069.from_group_id": "",
                            "rule.3719211069.from_port": "80",
                            "rule.3719211069.id": "d5f82758-bd3b-4795-a866-9b83c8fb14c7",
                            "rule.3719211069.ip_protocol": "tcp",
                            "rule.3719211069.self": "false",
                            "rule.3719211069.to_port": "80",
                            "rule.836640770.cidr": "0.0.0.0/0",
                            "rule.836640770.from_group_id": "",
                            "rule.836640770.from_port": "22",
                            "rule.836640770.id": "2ef3d31a-3a4d-4527-9b0b-e1cba88ba481",
                            "rule.836640770.ip_protocol": "tcp",
                            "rule.836640770.self": "false",
                            "rule.836640770.to_port": "22"
                        },
                        "meta": {},
                        "tainted": false
                    },
                    "deposed": [],
                    "provider": ""
                },
                "openstack_networking_network_v2.terraform": {
                    "type": "openstack_networking_network_v2",
                    "depends_on": [],
                    "primary": {
                        "id": "a69dcecb-6fe7-4d46-bb84-a673ebb1a814",
                        "attributes": {
                            "admin_state_up": "true",
                            "id": "a69dcecb-6fe7-4d46-bb84-a673ebb1a814",
                            "name": "terraform",
                            "region": "RegionOne",
                            "shared": "false",
                            "tenant_id": "d49d870a349841f6b4411564b82b3868"
                        },
                        "meta": {},
                        "tainted": false
                    },
                    "deposed": [],
                    "provider": ""
                },
                "openstack_networking_router_interface_v2.terraform": {
                    "type": "openstack_networking_router_interface_v2",
                    "depends_on": [
                        "openstack_networking_router_v2.terraform",
                        "openstack_networking_subnet_v2.terraform"
                    ],
                    "primary": {
                        "id": "f8c48417-77cd-4161-85d9-1f4838bf2f04",
                        "attributes": {
                            "id": "f8c48417-77cd-4161-85d9-1f4838bf2f04",
                            "region": "RegionOne",
                            "router_id": "96a353db-be53-4ce8-968f-befbc17a32ae",
                            "subnet_id": "13a11d05-5a5e-45b9-9ea2-cb73e9205e80"
                        },
                        "meta": {},
                        "tainted": false
                    },
                    "deposed": [],
                    "provider": ""
                },
                "openstack_networking_router_v2.terraform": {
                    "type": "openstack_networking_router_v2",
                    "depends_on": [],
                    "primary": {
                        "id": "96a353db-be53-4ce8-968f-befbc17a32ae",
                        "attributes": {
                            "admin_state_up": "true",
                            "distributed": "false",
                            "external_gateway": "45306006-f2c9-48bc-a029-028cc3b0a86c",
                            "id": "96a353db-be53-4ce8-968f-befbc17a32ae",
                            "name": "terraform",
                            "region": "RegionOne",
                            "tenant_id": "d49d870a349841f6b4411564b82b3868"
                        },
                        "meta": {},
                        "tainted": false
                    },
                    "deposed": [],
                    "provider": ""
                },
                "openstack_networking_subnet_v2.terraform": {
                    "type": "openstack_networking_subnet_v2",
                    "depends_on": [
                        "openstack_networking_network_v2.terraform"
                    ],
                    "primary": {
                        "id": "13a11d05-5a5e-45b9-9ea2-cb73e9205e80",
                        "attributes": {
                            "allocation_pools.#": "1",
                            "allocation_pools.0.end": "192.168.199.254",
                            "allocation_pools.0.start": "192.168.199.2",
                            "cidr": "192.168.199.0/24",
                            "dns_nameservers.#": "2",
                            "dns_nameservers.3811298194": "8.8.4.4",
                            "dns_nameservers.3817307869": "8.8.8.8",
                            "enable_dhcp": "true",
                            "gateway_ip": "192.168.199.1",
                            "host_routes.#": "0",
                            "id": "13a11d05-5a5e-45b9-9ea2-cb73e9205e80",
                            "ip_version": "4",
                            "name": "terraform",
                            "network_id": "a69dcecb-6fe7-4d46-bb84-a673ebb1a814",
                            "region": "RegionOne",
                            "tenant_id": "d49d870a349841f6b4411564b82b3868"
                        },
                        "meta": {},
                        "tainted": false
                    },
                    "deposed": [],
                    "provider": ""
                }
            },
            "depends_on": []
        }
    ]
}
