{
    "version": 3,
    "terraform_version": "0.8.6",
    "serial": 70,
    "lineage": "17829716-d82b-434c-b892-6c65b7831ab8",
    "modules": [
        {
            "path": [
                "root"
            ],
            "outputs": {
                "address of Bastion": {
                    "sensitive": false,
                    "type": "string",
                    "value": "213.32.115.42"
                },
                "address of Webserver": {
                    "sensitive": false,
                    "type": "string",
                    "value": "213.32.115.40"
                }
            },
            "resources": {
                "openstack_compute_floatingip_v2.bastion_ip": {
                    "type": "openstack_compute_floatingip_v2",
                    "depends_on": [
                        "openstack_networking_router_interface_v2.terraform"
                    ],
                    "primary": {
                        "id": "149126c0-7f8f-4570-b0d4-2790b5bf1b92",
                        "attributes": {
                            "address": "213.32.115.42",
                            "fixed_ip": "",
                            "id": "149126c0-7f8f-4570-b0d4-2790b5bf1b92",
                            "instance_id": "",
                            "pool": "internet_floating_net",
                            "region": "RegionOne"
                        },
                        "meta": {},
                        "tainted": false
                    },
                    "deposed": [],
                    "provider": ""
                },
                "openstack_compute_floatingip_v2.webserv_ip": {
                    "type": "openstack_compute_floatingip_v2",
                    "depends_on": [
                        "openstack_networking_router_interface_v2.terraform"
                    ],
                    "primary": {
                        "id": "533aed55-a6a2-4086-9e2d-30226c73d6fb",
                        "attributes": {
                            "address": "213.32.115.40",
                            "fixed_ip": "",
                            "id": "533aed55-a6a2-4086-9e2d-30226c73d6fb",
                            "instance_id": "",
                            "pool": "internet_floating_net",
                            "region": "RegionOne"
                        },
                        "meta": {},
                        "tainted": false
                    },
                    "deposed": [],
                    "provider": ""
                },
                "openstack_compute_instance_v2.node.0": {
                    "type": "openstack_compute_instance_v2",
                    "depends_on": [
                        "openstack_compute_keypair_v2.terraform",
                        "openstack_networking_network_v2.terraform"
                    ],
                    "primary": {
                        "id": "3d97bcaa-743c-4eb1-a6a2-eb342aa567b5",
                        "attributes": {
                            "access_ip_v4": "192.168.199.20",
                            "access_ip_v6": "",
                            "flavor_id": "98dccc78-6e1f-4fcc-a309-051a1501f4d3",
                            "flavor_name": "Large",
                            "id": "3d97bcaa-743c-4eb1-a6a2-eb342aa567b5",
                            "image_id": "49f7ac26-b15a-4909-8090-c02112e15f0d",
                            "image_name": "ubuntu-16.04-x64",
                            "key_pair": "terraform",
                            "metadata.%": "0",
                            "name": "node-0",
                            "network.#": "1",
                            "network.0.access_network": "false",
                            "network.0.fixed_ip_v4": "192.168.199.20",
                            "network.0.fixed_ip_v6": "",
                            "network.0.floating_ip": "",
                            "network.0.mac": "fa:16:3e:82:4f:4f",
                            "network.0.name": "terraform",
                            "network.0.port": "",
                            "network.0.uuid": "c3fba0d2-fddc-4079-83f6-c2ab894f6772",
                            "region": "RegionOne",
                            "security_groups.#": "1",
                            "security_groups.3814588639": "default",
                            "stop_before_destroy": "false",
                            "volume.#": "0"
                        },
                        "meta": {},
                        "tainted": false
                    },
                    "deposed": [],
                    "provider": ""
                },
                "openstack_compute_instance_v2.node.1": {
                    "type": "openstack_compute_instance_v2",
                    "depends_on": [
                        "openstack_compute_keypair_v2.terraform",
                        "openstack_networking_network_v2.terraform"
                    ],
                    "primary": {
                        "id": "3f855410-4b8a-4ab3-b067-a8f638344725",
                        "attributes": {
                            "access_ip_v4": "192.168.199.21",
                            "access_ip_v6": "",
                            "flavor_id": "98dccc78-6e1f-4fcc-a309-051a1501f4d3",
                            "flavor_name": "Large",
                            "id": "3f855410-4b8a-4ab3-b067-a8f638344725",
                            "image_id": "49f7ac26-b15a-4909-8090-c02112e15f0d",
                            "image_name": "ubuntu-16.04-x64",
                            "key_pair": "terraform",
                            "metadata.%": "0",
                            "name": "node-1",
                            "network.#": "1",
                            "network.0.access_network": "false",
                            "network.0.fixed_ip_v4": "192.168.199.21",
                            "network.0.fixed_ip_v6": "",
                            "network.0.floating_ip": "",
                            "network.0.mac": "fa:16:3e:f5:9c:d1",
                            "network.0.name": "terraform",
                            "network.0.port": "",
                            "network.0.uuid": "c3fba0d2-fddc-4079-83f6-c2ab894f6772",
                            "region": "RegionOne",
                            "security_groups.#": "1",
                            "security_groups.3814588639": "default",
                            "stop_before_destroy": "false",
                            "volume.#": "0"
                        },
                        "meta": {},
                        "tainted": false
                    },
                    "deposed": [],
                    "provider": ""
                },
                "openstack_compute_instance_v2.node.2": {
                    "type": "openstack_compute_instance_v2",
                    "depends_on": [
                        "openstack_compute_keypair_v2.terraform",
                        "openstack_networking_network_v2.terraform"
                    ],
                    "primary": {
                        "id": "ad91c30a-0077-4bb4-aee3-c9e5c29fec59",
                        "attributes": {
                            "access_ip_v4": "192.168.199.22",
                            "access_ip_v6": "",
                            "flavor_id": "98dccc78-6e1f-4fcc-a309-051a1501f4d3",
                            "flavor_name": "Large",
                            "id": "ad91c30a-0077-4bb4-aee3-c9e5c29fec59",
                            "image_id": "49f7ac26-b15a-4909-8090-c02112e15f0d",
                            "image_name": "ubuntu-16.04-x64",
                            "key_pair": "terraform",
                            "metadata.%": "0",
                            "name": "node-2",
                            "network.#": "1",
                            "network.0.access_network": "false",
                            "network.0.fixed_ip_v4": "192.168.199.22",
                            "network.0.fixed_ip_v6": "",
                            "network.0.floating_ip": "",
                            "network.0.mac": "fa:16:3e:9d:39:52",
                            "network.0.name": "terraform",
                            "network.0.port": "",
                            "network.0.uuid": "c3fba0d2-fddc-4079-83f6-c2ab894f6772",
                            "region": "RegionOne",
                            "security_groups.#": "1",
                            "security_groups.3814588639": "default",
                            "stop_before_destroy": "false",
                            "volume.#": "0"
                        },
                        "meta": {},
                        "tainted": false
                    },
                    "deposed": [],
                    "provider": ""
                },
                "openstack_compute_instance_v2.terraform": {
                    "type": "openstack_compute_instance_v2",
                    "depends_on": [
                        "openstack_compute_floatingip_v2.bastion_ip",
                        "openstack_compute_keypair_v2.terraform",
                        "openstack_compute_secgroup_v2.terraform",
                        "openstack_networking_network_v2.terraform"
                    ],
                    "primary": {
                        "id": "24043023-4e99-4239-9a9d-c13a7b676fa4",
                        "attributes": {
                            "access_ip_v4": "213.32.115.42",
                            "access_ip_v6": "",
                            "flavor_id": "98dccc78-6e1f-4fcc-a309-051a1501f4d3",
                            "flavor_name": "Large",
                            "floating_ip": "213.32.115.42",
                            "id": "24043023-4e99-4239-9a9d-c13a7b676fa4",
                            "image_id": "49f7ac26-b15a-4909-8090-c02112e15f0d",
                            "image_name": "ubuntu-16.04-x64",
                            "key_pair": "terraform",
                            "metadata.%": "0",
                            "name": "terraform",
                            "network.#": "1",
                            "network.0.access_network": "false",
                            "network.0.fixed_ip_v4": "192.168.199.5",
                            "network.0.fixed_ip_v6": "",
                            "network.0.floating_ip": "213.32.115.42",
                            "network.0.mac": "fa:16:3e:82:e3:f9",
                            "network.0.name": "terraform",
                            "network.0.port": "",
                            "network.0.uuid": "c3fba0d2-fddc-4079-83f6-c2ab894f6772",
                            "region": "RegionOne",
                            "security_groups.#": "1",
                            "security_groups.969816526": "terraform",
                            "stop_before_destroy": "false",
                            "volume.#": "0"
                        },
                        "meta": {},
                        "tainted": false
                    },
                    "deposed": [],
                    "provider": ""
                },
                "openstack_compute_instance_v2.webserver": {
                    "type": "openstack_compute_instance_v2",
                    "depends_on": [
                        "openstack_compute_floatingip_v2.webserv_ip",
                        "openstack_compute_keypair_v2.terraform",
                        "openstack_compute_secgroup_v2.terraform",
                        "openstack_networking_network_v2.terraform"
                    ],
                    "primary": {
                        "id": "aa906581-cf51-42f2-a6ef-39addf6cfcea",
                        "attributes": {
                            "access_ip_v4": "213.32.115.40",
                            "access_ip_v6": "",
                            "flavor_id": "98dccc78-6e1f-4fcc-a309-051a1501f4d3",
                            "flavor_name": "Large",
                            "floating_ip": "213.32.115.40",
                            "id": "aa906581-cf51-42f2-a6ef-39addf6cfcea",
                            "image_id": "49f7ac26-b15a-4909-8090-c02112e15f0d",
                            "image_name": "ubuntu-16.04-x64",
                            "key_pair": "terraform",
                            "metadata.%": "0",
                            "name": "webserver",
                            "network.#": "1",
                            "network.0.access_network": "false",
                            "network.0.fixed_ip_v4": "192.168.199.10",
                            "network.0.fixed_ip_v6": "",
                            "network.0.floating_ip": "213.32.115.40",
                            "network.0.mac": "fa:16:3e:eb:3e:b6",
                            "network.0.name": "terraform",
                            "network.0.port": "",
                            "network.0.uuid": "c3fba0d2-fddc-4079-83f6-c2ab894f6772",
                            "region": "RegionOne",
                            "security_groups.#": "1",
                            "security_groups.969816526": "terraform",
                            "stop_before_destroy": "false",
                            "volume.#": "0"
                        },
                        "meta": {},
                        "tainted": false
                    },
                    "deposed": [],
                    "provider": ""
                },
                "openstack_compute_keypair_v2.terraform": {
                    "type": "openstack_compute_keypair_v2",
                    "depends_on": [],
                    "primary": {
                        "id": "terraform",
                        "attributes": {
                            "id": "terraform",
                            "name": "terraform",
                            "public_key": "ssh-rsa AAAAB3NzaC1yc2EAAAADAQABAAACAQDIX/Fw4wNHErXOmgQoN28h5SaaqMWgDuZ0+bYjxVWxhf7u7vdfZ+P+JqJHzMNYZem+V2ttksnBc4Q8cWjkleUz9eim6isR/V3CGZqW8o4q4/KPHY7bCsdoL2hHN0hk3KTWBgo0G1g8m7gpzv/3bPIa6eUZ0EvWcNl4s9h3CzgffjnDpq2k4sh2K388xRMNWvmEbiKGVi5xwtjb0I5wZq69sAHdnd4qf3aE3gVEgMBKRRlrOZWzP2bqIo46m4xqja7dav2vH76u5PbEewQ/+Gu5huF33ayp65Wr7NHuzhDmB9zbYwNJprzWSjE0duQTBWcDIC2l4K+RDt6jCKIhxT2BdRyaA45jgXzz0iUNkbWKKkx4qoreuCoK+Wp8hfNFtcOKHsNH+umw+8Hy+CYDBOhqz94kUu/dIxRiPSW1At2tC5rJpSJMGn/7WWTjV2SnkHO97sGOroljnQMedsXxAxdDP3+VBHZYSmKkDFB1gF1zJapAYIavZAsIZQNdf24AsOZA4apUcTB6fnoOhv7ReH2pszfjR+yfSPyKIp+PN+yPSJwOEtSKzWuH8BqI8JeddniR4mSRDa5pNOdV1KyqIXxzJTgUZacwyQV4zjjmgejus0HuAgAFk8hgEuV6mNYODTSMn5QXQjZxMz/dSekdU7Li/8ydzW6Rck5H0faC1tlY5Q== jcuadrado@redbeard-consulting.fr\n",
                            "region": "RegionOne"
                        },
                        "meta": {},
                        "tainted": false
                    },
                    "deposed": [],
                    "provider": ""
                },
                "openstack_compute_secgroup_v2.terraform": {
                    "type": "openstack_compute_secgroup_v2",
                    "depends_on": [],
                    "primary": {
                        "id": "80c81330-0c05-4776-807f-54e427501d5b",
                        "attributes": {
                            "description": "Security group for the Terraform example instances",
                            "id": "80c81330-0c05-4776-807f-54e427501d5b",
                            "name": "terraform",
                            "region": "RegionOne",
                            "rule.#": "4",
                            "rule.2180185248.cidr": "0.0.0.0/0",
                            "rule.2180185248.from_group_id": "",
                            "rule.2180185248.from_port": "-1",
                            "rule.2180185248.id": "a71cdc6d-65c3-4ba1-86d6-74bfd23f7854",
                            "rule.2180185248.ip_protocol": "icmp",
                            "rule.2180185248.self": "false",
                            "rule.2180185248.to_port": "-1",
                            "rule.3211544828.cidr": "0.0.0.0/0",
                            "rule.3211544828.from_group_id": "",
                            "rule.3211544828.from_port": "443",
                            "rule.3211544828.id": "2d2904f6-5ffb-47e9-a681-2c131bec44ca",
                            "rule.3211544828.ip_protocol": "tcp",
                            "rule.3211544828.self": "false",
                            "rule.3211544828.to_port": "443",
                            "rule.3719211069.cidr": "0.0.0.0/0",
                            "rule.3719211069.from_group_id": "",
                            "rule.3719211069.from_port": "80",
                            "rule.3719211069.id": "c6d74512-e793-42ee-a3a6-f3e550dca124",
                            "rule.3719211069.ip_protocol": "tcp",
                            "rule.3719211069.self": "false",
                            "rule.3719211069.to_port": "80",
                            "rule.836640770.cidr": "0.0.0.0/0",
                            "rule.836640770.from_group_id": "",
                            "rule.836640770.from_port": "22",
                            "rule.836640770.id": "1ce85be9-247c-45de-92f8-e90a880de4e3",
                            "rule.836640770.ip_protocol": "tcp",
                            "rule.836640770.self": "false",
                            "rule.836640770.to_port": "22"
                        },
                        "meta": {},
                        "tainted": false
                    },
                    "deposed": [],
                    "provider": ""
                },
                "openstack_networking_network_v2.terraform": {
                    "type": "openstack_networking_network_v2",
                    "depends_on": [],
                    "primary": {
                        "id": "c3fba0d2-fddc-4079-83f6-c2ab894f6772",
                        "attributes": {
                            "admin_state_up": "true",
                            "id": "c3fba0d2-fddc-4079-83f6-c2ab894f6772",
                            "name": "terraform",
                            "region": "RegionOne",
                            "shared": "false",
                            "tenant_id": "d49d870a349841f6b4411564b82b3868"
                        },
                        "meta": {},
                        "tainted": false
                    },
                    "deposed": [],
                    "provider": ""
                },
                "openstack_networking_router_interface_v2.terraform": {
                    "type": "openstack_networking_router_interface_v2",
                    "depends_on": [
                        "openstack_networking_router_v2.terraform",
                        "openstack_networking_subnet_v2.terraform"
                    ],
                    "primary": {
                        "id": "cd776b17-3e37-40a5-899d-53fd9e2fecb6",
                        "attributes": {
                            "id": "cd776b17-3e37-40a5-899d-53fd9e2fecb6",
                            "region": "RegionOne",
                            "router_id": "2ef2cd24-e9de-4daa-ab8f-17f569f0db2b",
                            "subnet_id": "6586c824-2c8e-44e2-aec0-65cd990c068b"
                        },
                        "meta": {},
                        "tainted": false
                    },
                    "deposed": [],
                    "provider": ""
                },
                "openstack_networking_router_v2.terraform": {
                    "type": "openstack_networking_router_v2",
                    "depends_on": [],
                    "primary": {
                        "id": "2ef2cd24-e9de-4daa-ab8f-17f569f0db2b",
                        "attributes": {
                            "admin_state_up": "true",
                            "distributed": "false",
                            "external_gateway": "45306006-f2c9-48bc-a029-028cc3b0a86c",
                            "id": "2ef2cd24-e9de-4daa-ab8f-17f569f0db2b",
                            "name": "terraform",
                            "region": "RegionOne",
                            "tenant_id": "d49d870a349841f6b4411564b82b3868"
                        },
                        "meta": {},
                        "tainted": false
                    },
                    "deposed": [],
                    "provider": ""
                },
                "openstack_networking_subnet_v2.terraform": {
                    "type": "openstack_networking_subnet_v2",
                    "depends_on": [
                        "openstack_networking_network_v2.terraform"
                    ],
                    "primary": {
                        "id": "6586c824-2c8e-44e2-aec0-65cd990c068b",
                        "attributes": {
                            "allocation_pools.#": "1",
                            "allocation_pools.0.end": "192.168.199.254",
                            "allocation_pools.0.start": "192.168.199.2",
                            "cidr": "192.168.199.0/24",
                            "dns_nameservers.#": "2",
                            "dns_nameservers.3811298194": "8.8.4.4",
                            "dns_nameservers.3817307869": "8.8.8.8",
                            "enable_dhcp": "true",
                            "gateway_ip": "192.168.199.1",
                            "host_routes.#": "0",
                            "id": "6586c824-2c8e-44e2-aec0-65cd990c068b",
                            "ip_version": "4",
                            "name": "terraform",
                            "network_id": "c3fba0d2-fddc-4079-83f6-c2ab894f6772",
                            "region": "RegionOne",
                            "tenant_id": "d49d870a349841f6b4411564b82b3868"
                        },
                        "meta": {},
                        "tainted": false
                    },
                    "deposed": [],
                    "provider": ""
                }
            },
            "depends_on": []
        }
    ]
}
