{
    "version": 3,
    "terraform_version": "0.8.6",
    "serial": 21,
    "lineage": "17829716-d82b-434c-b892-6c65b7831ab8",
    "modules": [
        {
            "path": [
                "root"
            ],
            "outputs": {
                "address": {
                    "sensitive": false,
                    "type": "string",
                    "value": "213.32.114.133"
                }
            },
            "resources": {
                "openstack_compute_floatingip_v2.terraform": {
                    "type": "openstack_compute_floatingip_v2",
                    "depends_on": [
                        "openstack_networking_router_interface_v2.terraform"
                    ],
                    "primary": {
                        "id": "4de32d30-d80b-4e02-8318-7fd29accd178",
                        "attributes": {
                            "address": "213.32.114.133",
                            "fixed_ip": "",
                            "id": "4de32d30-d80b-4e02-8318-7fd29accd178",
                            "instance_id": "",
                            "pool": "internet_floating_net",
                            "region": "RegionOne"
                        },
                        "meta": {},
                        "tainted": false
                    },
                    "deposed": [],
                    "provider": ""
                },
                "openstack_compute_instance_v2.terraform": {
                    "type": "openstack_compute_instance_v2",
                    "depends_on": [
                        "openstack_compute_floatingip_v2.terraform",
                        "openstack_compute_keypair_v2.terraform",
                        "openstack_compute_secgroup_v2.terraform",
                        "openstack_networking_network_v2.terraform"
                    ],
                    "primary": {
                        "id": "6b6857c2-9d17-497d-aa62-3d257e00b3f7",
                        "attributes": {
                            "access_ip_v4": "213.32.114.133",
                            "access_ip_v6": "",
                            "flavor_id": "2404e0b1-81fd-4bac-b035-f809f0d76036",
                            "flavor_name": "Large",
                            "floating_ip": "213.32.114.133",
                            "id": "6b6857c2-9d17-497d-aa62-3d257e00b3f7",
                            "image_id": "92e32e14-5cd6-4b49-80d2-a74825bf7164",
                            "image_name": "centos-7-x86_64",
                            "key_pair": "terraform",
                            "metadata.%": "0",
                            "name": "terraform",
                            "network.#": "1",
                            "network.0.access_network": "false",
                            "network.0.fixed_ip_v4": "192.168.199.5",
                            "network.0.fixed_ip_v6": "",
                            "network.0.floating_ip": "213.32.114.133",
                            "network.0.mac": "fa:16:3e:34:db:9e",
                            "network.0.name": "terraform",
                            "network.0.port": "",
                            "network.0.uuid": "229cd176-3c8e-477d-a550-eb97050d3251",
                            "region": "RegionOne",
                            "security_groups.#": "1",
                            "security_groups.969816526": "terraform",
                            "stop_before_destroy": "false",
                            "volume.#": "0"
                        },
                        "meta": {},
                        "tainted": false
                    },
                    "deposed": [],
                    "provider": ""
                },
                "openstack_compute_keypair_v2.terraform": {
                    "type": "openstack_compute_keypair_v2",
                    "depends_on": [],
                    "primary": {
                        "id": "terraform",
                        "attributes": {
                            "id": "terraform",
                            "name": "terraform",
                            "public_key": "ssh-rsa AAAAB3NzaC1yc2EAAAADAQABAAACAQDIX/Fw4wNHErXOmgQoN28h5SaaqMWgDuZ0+bYjxVWxhf7u7vdfZ+P+JqJHzMNYZem+V2ttksnBc4Q8cWjkleUz9eim6isR/V3CGZqW8o4q4/KPHY7bCsdoL2hHN0hk3KTWBgo0G1g8m7gpzv/3bPIa6eUZ0EvWcNl4s9h3CzgffjnDpq2k4sh2K388xRMNWvmEbiKGVi5xwtjb0I5wZq69sAHdnd4qf3aE3gVEgMBKRRlrOZWzP2bqIo46m4xqja7dav2vH76u5PbEewQ/+Gu5huF33ayp65Wr7NHuzhDmB9zbYwNJprzWSjE0duQTBWcDIC2l4K+RDt6jCKIhxT2BdRyaA45jgXzz0iUNkbWKKkx4qoreuCoK+Wp8hfNFtcOKHsNH+umw+8Hy+CYDBOhqz94kUu/dIxRiPSW1At2tC5rJpSJMGn/7WWTjV2SnkHO97sGOroljnQMedsXxAxdDP3+VBHZYSmKkDFB1gF1zJapAYIavZAsIZQNdf24AsOZA4apUcTB6fnoOhv7ReH2pszfjR+yfSPyKIp+PN+yPSJwOEtSKzWuH8BqI8JeddniR4mSRDa5pNOdV1KyqIXxzJTgUZacwyQV4zjjmgejus0HuAgAFk8hgEuV6mNYODTSMn5QXQjZxMz/dSekdU7Li/8ydzW6Rck5H0faC1tlY5Q== jcuadrado@redbeard-consulting.fr\n",
                            "region": "RegionOne"
                        },
                        "meta": {},
                        "tainted": false
                    },
                    "deposed": [],
                    "provider": ""
                },
                "openstack_compute_secgroup_v2.terraform": {
                    "type": "openstack_compute_secgroup_v2",
                    "depends_on": [],
                    "primary": {
                        "id": "5d6d7611-02a3-4020-8b3f-1b59e994844b",
                        "attributes": {
                            "description": "Security group for the Terraform example instances",
                            "id": "5d6d7611-02a3-4020-8b3f-1b59e994844b",
                            "name": "terraform",
                            "region": "RegionOne",
                            "rule.#": "3",
                            "rule.2180185248.cidr": "0.0.0.0/0",
                            "rule.2180185248.from_group_id": "",
                            "rule.2180185248.from_port": "-1",
                            "rule.2180185248.id": "7aea9c0e-daa8-40d6-9cc1-d3a62df7a80f",
                            "rule.2180185248.ip_protocol": "icmp",
                            "rule.2180185248.self": "false",
                            "rule.2180185248.to_port": "-1",
                            "rule.3719211069.cidr": "0.0.0.0/0",
                            "rule.3719211069.from_group_id": "",
                            "rule.3719211069.from_port": "80",
                            "rule.3719211069.id": "1e88e67c-3add-4748-930f-0cb885fc76eb",
                            "rule.3719211069.ip_protocol": "tcp",
                            "rule.3719211069.self": "false",
                            "rule.3719211069.to_port": "80",
                            "rule.836640770.cidr": "0.0.0.0/0",
                            "rule.836640770.from_group_id": "",
                            "rule.836640770.from_port": "22",
                            "rule.836640770.id": "a4422868-a1cb-4416-90ce-82e603eaf0ad",
                            "rule.836640770.ip_protocol": "tcp",
                            "rule.836640770.self": "false",
                            "rule.836640770.to_port": "22"
                        },
                        "meta": {},
                        "tainted": false
                    },
                    "deposed": [],
                    "provider": ""
                },
                "openstack_networking_network_v2.terraform": {
                    "type": "openstack_networking_network_v2",
                    "depends_on": [],
                    "primary": {
                        "id": "229cd176-3c8e-477d-a550-eb97050d3251",
                        "attributes": {
                            "admin_state_up": "true",
                            "id": "229cd176-3c8e-477d-a550-eb97050d3251",
                            "name": "terraform",
                            "region": "RegionOne",
                            "shared": "false",
                            "tenant_id": "873c2b65f4394ea3909cd6ef8b3eea0d"
                        },
                        "meta": {},
                        "tainted": false
                    },
                    "deposed": [],
                    "provider": ""
                },
                "openstack_networking_router_interface_v2.terraform": {
                    "type": "openstack_networking_router_interface_v2",
                    "depends_on": [
                        "openstack_networking_router_v2.terraform",
                        "openstack_networking_subnet_v2.terraform"
                    ],
                    "primary": {
                        "id": "1b216e47-3db1-4fd8-bce4-35fbd9bec37a",
                        "attributes": {
                            "id": "1b216e47-3db1-4fd8-bce4-35fbd9bec37a",
                            "region": "RegionOne",
                            "router_id": "3ce0f3df-9083-491c-9a84-50a8781fdd00",
                            "subnet_id": "13ddce28-3c1f-4c5c-a428-b140eaeb7f94"
                        },
                        "meta": {},
                        "tainted": false
                    },
                    "deposed": [],
                    "provider": ""
                },
                "openstack_networking_router_v2.terraform": {
                    "type": "openstack_networking_router_v2",
                    "depends_on": [],
                    "primary": {
                        "id": "3ce0f3df-9083-491c-9a84-50a8781fdd00",
                        "attributes": {
                            "admin_state_up": "true",
                            "distributed": "false",
                            "external_gateway": "45306006-f2c9-48bc-a029-028cc3b0a86c",
                            "id": "3ce0f3df-9083-491c-9a84-50a8781fdd00",
                            "name": "terraform",
                            "region": "RegionOne",
                            "tenant_id": "873c2b65f4394ea3909cd6ef8b3eea0d"
                        },
                        "meta": {},
                        "tainted": false
                    },
                    "deposed": [],
                    "provider": ""
                },
                "openstack_networking_subnet_v2.terraform": {
                    "type": "openstack_networking_subnet_v2",
                    "depends_on": [
                        "openstack_networking_network_v2.terraform"
                    ],
                    "primary": {
                        "id": "13ddce28-3c1f-4c5c-a428-b140eaeb7f94",
                        "attributes": {
                            "allocation_pools.#": "1",
                            "allocation_pools.0.end": "192.168.199.254",
                            "allocation_pools.0.start": "192.168.199.2",
                            "cidr": "192.168.199.0/24",
                            "dns_nameservers.#": "2",
                            "dns_nameservers.3811298194": "8.8.4.4",
                            "dns_nameservers.3817307869": "8.8.8.8",
                            "enable_dhcp": "true",
                            "gateway_ip": "192.168.199.1",
                            "host_routes.#": "0",
                            "id": "13ddce28-3c1f-4c5c-a428-b140eaeb7f94",
                            "ip_version": "4",
                            "name": "terraform",
                            "network_id": "229cd176-3c8e-477d-a550-eb97050d3251",
                            "region": "RegionOne",
                            "tenant_id": "873c2b65f4394ea3909cd6ef8b3eea0d"
                        },
                        "meta": {},
                        "tainted": false
                    },
                    "deposed": [],
                    "provider": ""
                }
            },
            "depends_on": []
        }
    ]
}
