{
    "version": 3,
    "terraform_version": "0.8.6",
    "serial": 33,
    "lineage": "17829716-d82b-434c-b892-6c65b7831ab8",
    "modules": [
        {
            "path": [
                "root"
            ],
            "outputs": {
                "address": {
                    "sensitive": false,
                    "type": "string",
                    "value": "213.32.114.153"
                }
            },
            "resources": {
                "openstack_compute_floatingip_v2.terraform": {
                    "type": "openstack_compute_floatingip_v2",
                    "depends_on": [
                        "openstack_networking_router_interface_v2.terraform"
                    ],
                    "primary": {
                        "id": "c19bbafb-b855-4540-8931-6bfea3a52b57",
                        "attributes": {
                            "address": "213.32.114.153",
                            "fixed_ip": "",
                            "id": "c19bbafb-b855-4540-8931-6bfea3a52b57",
                            "instance_id": "",
                            "pool": "internet_floating_net",
                            "region": "RegionOne"
                        },
                        "meta": {},
                        "tainted": false
                    },
                    "deposed": [],
                    "provider": ""
                },
                "openstack_compute_instance_v2.terraform": {
                    "type": "openstack_compute_instance_v2",
                    "depends_on": [
                        "openstack_compute_floatingip_v2.terraform",
                        "openstack_compute_keypair_v2.terraform",
                        "openstack_compute_secgroup_v2.terraform",
                        "openstack_networking_network_v2.terraform"
                    ],
                    "primary": {
                        "id": "681080e0-db99-4f41-b33c-3f55d8e3ca24",
                        "attributes": {
                            "access_ip_v4": "213.32.114.153",
                            "access_ip_v6": "",
                            "flavor_id": "2404e0b1-81fd-4bac-b035-f809f0d76036",
                            "flavor_name": "Large",
                            "floating_ip": "213.32.114.153",
                            "id": "681080e0-db99-4f41-b33c-3f55d8e3ca24",
                            "image_id": "92e32e14-5cd6-4b49-80d2-a74825bf7164",
                            "image_name": "centos-7-x86_64",
                            "key_pair": "terraform",
                            "metadata.%": "0",
                            "name": "terraform",
                            "network.#": "1",
                            "network.0.access_network": "false",
                            "network.0.fixed_ip_v4": "192.168.199.5",
                            "network.0.fixed_ip_v6": "",
                            "network.0.floating_ip": "213.32.114.153",
                            "network.0.mac": "fa:16:3e:82:cf:8c",
                            "network.0.name": "terraform",
                            "network.0.port": "",
                            "network.0.uuid": "19a0b244-7b6f-439f-9d56-5e9ee781bec1",
                            "region": "RegionOne",
                            "security_groups.#": "1",
                            "security_groups.969816526": "terraform",
                            "stop_before_destroy": "false",
                            "volume.#": "0"
                        },
                        "meta": {},
                        "tainted": false
                    },
                    "deposed": [],
                    "provider": ""
                },
                "openstack_compute_keypair_v2.terraform": {
                    "type": "openstack_compute_keypair_v2",
                    "depends_on": [],
                    "primary": {
                        "id": "terraform",
                        "attributes": {
                            "id": "terraform",
                            "name": "terraform",
                            "public_key": "ssh-rsa AAAAB3NzaC1yc2EAAAADAQABAAACAQDIX/Fw4wNHErXOmgQoN28h5SaaqMWgDuZ0+bYjxVWxhf7u7vdfZ+P+JqJHzMNYZem+V2ttksnBc4Q8cWjkleUz9eim6isR/V3CGZqW8o4q4/KPHY7bCsdoL2hHN0hk3KTWBgo0G1g8m7gpzv/3bPIa6eUZ0EvWcNl4s9h3CzgffjnDpq2k4sh2K388xRMNWvmEbiKGVi5xwtjb0I5wZq69sAHdnd4qf3aE3gVEgMBKRRlrOZWzP2bqIo46m4xqja7dav2vH76u5PbEewQ/+Gu5huF33ayp65Wr7NHuzhDmB9zbYwNJprzWSjE0duQTBWcDIC2l4K+RDt6jCKIhxT2BdRyaA45jgXzz0iUNkbWKKkx4qoreuCoK+Wp8hfNFtcOKHsNH+umw+8Hy+CYDBOhqz94kUu/dIxRiPSW1At2tC5rJpSJMGn/7WWTjV2SnkHO97sGOroljnQMedsXxAxdDP3+VBHZYSmKkDFB1gF1zJapAYIavZAsIZQNdf24AsOZA4apUcTB6fnoOhv7ReH2pszfjR+yfSPyKIp+PN+yPSJwOEtSKzWuH8BqI8JeddniR4mSRDa5pNOdV1KyqIXxzJTgUZacwyQV4zjjmgejus0HuAgAFk8hgEuV6mNYODTSMn5QXQjZxMz/dSekdU7Li/8ydzW6Rck5H0faC1tlY5Q== jcuadrado@redbeard-consulting.fr\n",
                            "region": "RegionOne"
                        },
                        "meta": {},
                        "tainted": false
                    },
                    "deposed": [],
                    "provider": ""
                },
                "openstack_compute_secgroup_v2.terraform": {
                    "type": "openstack_compute_secgroup_v2",
                    "depends_on": [],
                    "primary": {
                        "id": "2014f363-59c6-4c5f-8df2-7d3abab75062",
                        "attributes": {
                            "description": "Security group for the Terraform example instances",
                            "id": "2014f363-59c6-4c5f-8df2-7d3abab75062",
                            "name": "terraform",
                            "region": "RegionOne",
                            "rule.#": "4",
                            "rule.2180185248.cidr": "0.0.0.0/0",
                            "rule.2180185248.from_group_id": "",
                            "rule.2180185248.from_port": "-1",
                            "rule.2180185248.id": "841c0104-c9c5-49f4-a4bf-1f61f9aab931",
                            "rule.2180185248.ip_protocol": "icmp",
                            "rule.2180185248.self": "false",
                            "rule.2180185248.to_port": "-1",
                            "rule.3211544828.cidr": "0.0.0.0/0",
                            "rule.3211544828.from_group_id": "",
                            "rule.3211544828.from_port": "443",
                            "rule.3211544828.id": "99b7b303-a56c-4d59-b544-ebfec149bd00",
                            "rule.3211544828.ip_protocol": "tcp",
                            "rule.3211544828.self": "false",
                            "rule.3211544828.to_port": "443",
                            "rule.3719211069.cidr": "0.0.0.0/0",
                            "rule.3719211069.from_group_id": "",
                            "rule.3719211069.from_port": "80",
                            "rule.3719211069.id": "8f6b32fa-a304-4582-8bc9-1ab8125322d7",
                            "rule.3719211069.ip_protocol": "tcp",
                            "rule.3719211069.self": "false",
                            "rule.3719211069.to_port": "80",
                            "rule.836640770.cidr": "0.0.0.0/0",
                            "rule.836640770.from_group_id": "",
                            "rule.836640770.from_port": "22",
                            "rule.836640770.id": "e82b6725-a4a6-4d05-9410-a768f0f112ba",
                            "rule.836640770.ip_protocol": "tcp",
                            "rule.836640770.self": "false",
                            "rule.836640770.to_port": "22"
                        },
                        "meta": {},
                        "tainted": false
                    },
                    "deposed": [],
                    "provider": ""
                },
                "openstack_networking_network_v2.terraform": {
                    "type": "openstack_networking_network_v2",
                    "depends_on": [],
                    "primary": {
                        "id": "19a0b244-7b6f-439f-9d56-5e9ee781bec1",
                        "attributes": {
                            "admin_state_up": "true",
                            "id": "19a0b244-7b6f-439f-9d56-5e9ee781bec1",
                            "name": "terraform",
                            "region": "RegionOne",
                            "shared": "false",
                            "tenant_id": "d49d870a349841f6b4411564b82b3868"
                        },
                        "meta": {},
                        "tainted": false
                    },
                    "deposed": [],
                    "provider": ""
                },
                "openstack_networking_router_interface_v2.terraform": {
                    "type": "openstack_networking_router_interface_v2",
                    "depends_on": [
                        "openstack_networking_router_v2.terraform",
                        "openstack_networking_subnet_v2.terraform"
                    ],
                    "primary": {
                        "id": "4de48e19-3c32-4f1c-ad22-1368baa83af8",
                        "attributes": {
                            "id": "4de48e19-3c32-4f1c-ad22-1368baa83af8",
                            "region": "RegionOne",
                            "router_id": "ff0da390-0c4e-47c8-a161-1efba4f1d361",
                            "subnet_id": "edc8bc24-1c28-44e1-b9ef-0511d538bbf7"
                        },
                        "meta": {},
                        "tainted": false
                    },
                    "deposed": [],
                    "provider": ""
                },
                "openstack_networking_router_v2.terraform": {
                    "type": "openstack_networking_router_v2",
                    "depends_on": [],
                    "primary": {
                        "id": "ff0da390-0c4e-47c8-a161-1efba4f1d361",
                        "attributes": {
                            "admin_state_up": "true",
                            "distributed": "false",
                            "external_gateway": "45306006-f2c9-48bc-a029-028cc3b0a86c",
                            "id": "ff0da390-0c4e-47c8-a161-1efba4f1d361",
                            "name": "terraform",
                            "region": "RegionOne",
                            "tenant_id": "d49d870a349841f6b4411564b82b3868"
                        },
                        "meta": {},
                        "tainted": false
                    },
                    "deposed": [],
                    "provider": ""
                },
                "openstack_networking_subnet_v2.terraform": {
                    "type": "openstack_networking_subnet_v2",
                    "depends_on": [
                        "openstack_networking_network_v2.terraform"
                    ],
                    "primary": {
                        "id": "edc8bc24-1c28-44e1-b9ef-0511d538bbf7",
                        "attributes": {
                            "allocation_pools.#": "1",
                            "allocation_pools.0.end": "192.168.199.254",
                            "allocation_pools.0.start": "192.168.199.2",
                            "cidr": "192.168.199.0/24",
                            "dns_nameservers.#": "2",
                            "dns_nameservers.3811298194": "8.8.4.4",
                            "dns_nameservers.3817307869": "8.8.8.8",
                            "enable_dhcp": "true",
                            "gateway_ip": "192.168.199.1",
                            "host_routes.#": "0",
                            "id": "edc8bc24-1c28-44e1-b9ef-0511d538bbf7",
                            "ip_version": "4",
                            "name": "terraform",
                            "network_id": "19a0b244-7b6f-439f-9d56-5e9ee781bec1",
                            "region": "RegionOne",
                            "tenant_id": "d49d870a349841f6b4411564b82b3868"
                        },
                        "meta": {},
                        "tainted": false
                    },
                    "deposed": [],
                    "provider": ""
                }
            },
            "depends_on": []
        }
    ]
}
