{
    "version": 3,
    "terraform_version": "0.8.6",
    "serial": 106,
    "lineage": "17829716-d82b-434c-b892-6c65b7831ab8",
    "modules": [
        {
            "path": [
                "root"
            ],
            "outputs": {
                "address of Bastion": {
                    "sensitive": false,
                    "type": "string",
                    "value": "213.32.115.95"
                },
                "address of Webserver": {
                    "sensitive": false,
                    "type": "string",
                    "value": "213.32.115.94"
                }
            },
            "resources": {
                "openstack_compute_floatingip_v2.bastion_ip": {
                    "type": "openstack_compute_floatingip_v2",
                    "depends_on": [
                        "openstack_networking_router_interface_v2.terraform"
                    ],
                    "primary": {
                        "id": "a0433a58-259b-4ee7-b64c-0ea83f3a5976",
                        "attributes": {
                            "address": "213.32.115.95",
                            "fixed_ip": "",
                            "id": "a0433a58-259b-4ee7-b64c-0ea83f3a5976",
                            "instance_id": "",
                            "pool": "internet_floating_net",
                            "region": "RegionOne"
                        },
                        "meta": {},
                        "tainted": false
                    },
                    "deposed": [],
                    "provider": ""
                },
                "openstack_compute_floatingip_v2.webserv_ip": {
                    "type": "openstack_compute_floatingip_v2",
                    "depends_on": [
                        "openstack_networking_router_interface_v2.terraform"
                    ],
                    "primary": {
                        "id": "3d10e241-a0d1-4fa7-861e-a43223270fb5",
                        "attributes": {
                            "address": "213.32.115.94",
                            "fixed_ip": "",
                            "id": "3d10e241-a0d1-4fa7-861e-a43223270fb5",
                            "instance_id": "",
                            "pool": "internet_floating_net",
                            "region": "RegionOne"
                        },
                        "meta": {},
                        "tainted": false
                    },
                    "deposed": [],
                    "provider": ""
                },
                "openstack_compute_instance_v2.node.0": {
                    "type": "openstack_compute_instance_v2",
                    "depends_on": [
                        "openstack_compute_keypair_v2.terraform",
                        "openstack_networking_network_v2.terraform"
                    ],
                    "primary": {
                        "id": "45e51bfc-c766-4db7-9ccb-1aca878ed206",
                        "attributes": {
                            "access_ip_v4": "192.168.199.20",
                            "access_ip_v6": "",
                            "flavor_id": "98dccc78-6e1f-4fcc-a309-051a1501f4d3",
                            "flavor_name": "Large",
                            "id": "45e51bfc-c766-4db7-9ccb-1aca878ed206",
                            "image_id": "49f7ac26-b15a-4909-8090-c02112e15f0d",
                            "image_name": "ubuntu-16.04-x64",
                            "key_pair": "terraform",
                            "metadata.%": "0",
                            "name": "node-0",
                            "network.#": "1",
                            "network.0.access_network": "false",
                            "network.0.fixed_ip_v4": "192.168.199.20",
                            "network.0.fixed_ip_v6": "",
                            "network.0.floating_ip": "",
                            "network.0.mac": "fa:16:3e:07:a7:40",
                            "network.0.name": "terraform",
                            "network.0.port": "",
                            "network.0.uuid": "3bde564f-4db8-46c0-9a47-65c1a9ca4dab",
                            "region": "RegionOne",
                            "security_groups.#": "1",
                            "security_groups.3814588639": "default",
                            "stop_before_destroy": "false",
                            "volume.#": "0"
                        },
                        "meta": {},
                        "tainted": false
                    },
                    "deposed": [],
                    "provider": ""
                },
                "openstack_compute_instance_v2.node.1": {
                    "type": "openstack_compute_instance_v2",
                    "depends_on": [
                        "openstack_compute_keypair_v2.terraform",
                        "openstack_networking_network_v2.terraform"
                    ],
                    "primary": {
                        "id": "3c441a53-4e0b-4136-ab5b-db9d635d6376",
                        "attributes": {
                            "access_ip_v4": "192.168.199.21",
                            "access_ip_v6": "",
                            "flavor_id": "98dccc78-6e1f-4fcc-a309-051a1501f4d3",
                            "flavor_name": "Large",
                            "id": "3c441a53-4e0b-4136-ab5b-db9d635d6376",
                            "image_id": "49f7ac26-b15a-4909-8090-c02112e15f0d",
                            "image_name": "ubuntu-16.04-x64",
                            "key_pair": "terraform",
                            "metadata.%": "0",
                            "name": "node-1",
                            "network.#": "1",
                            "network.0.access_network": "false",
                            "network.0.fixed_ip_v4": "192.168.199.21",
                            "network.0.fixed_ip_v6": "",
                            "network.0.floating_ip": "",
                            "network.0.mac": "fa:16:3e:36:5f:7a",
                            "network.0.name": "terraform",
                            "network.0.port": "",
                            "network.0.uuid": "3bde564f-4db8-46c0-9a47-65c1a9ca4dab",
                            "region": "RegionOne",
                            "security_groups.#": "1",
                            "security_groups.3814588639": "default",
                            "stop_before_destroy": "false",
                            "volume.#": "0"
                        },
                        "meta": {},
                        "tainted": false
                    },
                    "deposed": [],
                    "provider": ""
                },
                "openstack_compute_instance_v2.node.2": {
                    "type": "openstack_compute_instance_v2",
                    "depends_on": [
                        "openstack_compute_keypair_v2.terraform",
                        "openstack_networking_network_v2.terraform"
                    ],
                    "primary": {
                        "id": "f24dcc87-0aa3-4885-8ee7-c8322f6f8a81",
                        "attributes": {
                            "access_ip_v4": "192.168.199.22",
                            "access_ip_v6": "",
                            "flavor_id": "98dccc78-6e1f-4fcc-a309-051a1501f4d3",
                            "flavor_name": "Large",
                            "id": "f24dcc87-0aa3-4885-8ee7-c8322f6f8a81",
                            "image_id": "49f7ac26-b15a-4909-8090-c02112e15f0d",
                            "image_name": "ubuntu-16.04-x64",
                            "key_pair": "terraform",
                            "metadata.%": "0",
                            "name": "node-2",
                            "network.#": "1",
                            "network.0.access_network": "false",
                            "network.0.fixed_ip_v4": "192.168.199.22",
                            "network.0.fixed_ip_v6": "",
                            "network.0.floating_ip": "",
                            "network.0.mac": "fa:16:3e:c9:8d:eb",
                            "network.0.name": "terraform",
                            "network.0.port": "",
                            "network.0.uuid": "3bde564f-4db8-46c0-9a47-65c1a9ca4dab",
                            "region": "RegionOne",
                            "security_groups.#": "1",
                            "security_groups.3814588639": "default",
                            "stop_before_destroy": "false",
                            "volume.#": "0"
                        },
                        "meta": {},
                        "tainted": false
                    },
                    "deposed": [],
                    "provider": ""
                },
                "openstack_compute_instance_v2.terraform": {
                    "type": "openstack_compute_instance_v2",
                    "depends_on": [
                        "openstack_compute_floatingip_v2.bastion_ip",
                        "openstack_compute_keypair_v2.terraform",
                        "openstack_compute_secgroup_v2.terraform",
                        "openstack_networking_network_v2.terraform"
                    ],
                    "primary": {
                        "id": "f9d18ef0-8d21-4c29-8685-0a64d617d7ca",
                        "attributes": {
                            "access_ip_v4": "213.32.115.95",
                            "access_ip_v6": "",
                            "flavor_id": "98dccc78-6e1f-4fcc-a309-051a1501f4d3",
                            "flavor_name": "Large",
                            "floating_ip": "213.32.115.95",
                            "id": "f9d18ef0-8d21-4c29-8685-0a64d617d7ca",
                            "image_id": "49f7ac26-b15a-4909-8090-c02112e15f0d",
                            "image_name": "ubuntu-16.04-x64",
                            "key_pair": "terraform",
                            "metadata.%": "0",
                            "name": "terraform",
                            "network.#": "1",
                            "network.0.access_network": "false",
                            "network.0.fixed_ip_v4": "192.168.199.5",
                            "network.0.fixed_ip_v6": "",
                            "network.0.floating_ip": "213.32.115.95",
                            "network.0.mac": "fa:16:3e:0c:fd:19",
                            "network.0.name": "terraform",
                            "network.0.port": "",
                            "network.0.uuid": "3bde564f-4db8-46c0-9a47-65c1a9ca4dab",
                            "region": "RegionOne",
                            "security_groups.#": "1",
                            "security_groups.969816526": "terraform",
                            "stop_before_destroy": "false",
                            "volume.#": "0"
                        },
                        "meta": {},
                        "tainted": true
                    },
                    "deposed": [],
                    "provider": ""
                },
                "openstack_compute_instance_v2.webserver": {
                    "type": "openstack_compute_instance_v2",
                    "depends_on": [
                        "openstack_compute_floatingip_v2.webserv_ip",
                        "openstack_compute_keypair_v2.terraform",
                        "openstack_compute_secgroup_v2.terraform",
                        "openstack_networking_network_v2.terraform"
                    ],
                    "primary": {
                        "id": "48099246-ad1b-4668-815f-a0517959b94f",
                        "attributes": {
                            "access_ip_v4": "213.32.115.94",
                            "access_ip_v6": "",
                            "flavor_id": "98dccc78-6e1f-4fcc-a309-051a1501f4d3",
                            "flavor_name": "Large",
                            "floating_ip": "213.32.115.94",
                            "id": "48099246-ad1b-4668-815f-a0517959b94f",
                            "image_id": "49f7ac26-b15a-4909-8090-c02112e15f0d",
                            "image_name": "ubuntu-16.04-x64",
                            "key_pair": "terraform",
                            "metadata.%": "0",
                            "name": "webserver",
                            "network.#": "1",
                            "network.0.access_network": "false",
                            "network.0.fixed_ip_v4": "192.168.199.10",
                            "network.0.fixed_ip_v6": "",
                            "network.0.floating_ip": "213.32.115.94",
                            "network.0.mac": "fa:16:3e:57:c2:d4",
                            "network.0.name": "terraform",
                            "network.0.port": "",
                            "network.0.uuid": "3bde564f-4db8-46c0-9a47-65c1a9ca4dab",
                            "region": "RegionOne",
                            "security_groups.#": "1",
                            "security_groups.969816526": "terraform",
                            "stop_before_destroy": "false",
                            "volume.#": "0"
                        },
                        "meta": {},
                        "tainted": false
                    },
                    "deposed": [],
                    "provider": ""
                },
                "openstack_compute_keypair_v2.terraform": {
                    "type": "openstack_compute_keypair_v2",
                    "depends_on": [],
                    "primary": {
                        "id": "terraform",
                        "attributes": {
                            "id": "terraform",
                            "name": "terraform",
                            "public_key": "ssh-rsa AAAAB3NzaC1yc2EAAAADAQABAAACAQDIX/Fw4wNHErXOmgQoN28h5SaaqMWgDuZ0+bYjxVWxhf7u7vdfZ+P+JqJHzMNYZem+V2ttksnBc4Q8cWjkleUz9eim6isR/V3CGZqW8o4q4/KPHY7bCsdoL2hHN0hk3KTWBgo0G1g8m7gpzv/3bPIa6eUZ0EvWcNl4s9h3CzgffjnDpq2k4sh2K388xRMNWvmEbiKGVi5xwtjb0I5wZq69sAHdnd4qf3aE3gVEgMBKRRlrOZWzP2bqIo46m4xqja7dav2vH76u5PbEewQ/+Gu5huF33ayp65Wr7NHuzhDmB9zbYwNJprzWSjE0duQTBWcDIC2l4K+RDt6jCKIhxT2BdRyaA45jgXzz0iUNkbWKKkx4qoreuCoK+Wp8hfNFtcOKHsNH+umw+8Hy+CYDBOhqz94kUu/dIxRiPSW1At2tC5rJpSJMGn/7WWTjV2SnkHO97sGOroljnQMedsXxAxdDP3+VBHZYSmKkDFB1gF1zJapAYIavZAsIZQNdf24AsOZA4apUcTB6fnoOhv7ReH2pszfjR+yfSPyKIp+PN+yPSJwOEtSKzWuH8BqI8JeddniR4mSRDa5pNOdV1KyqIXxzJTgUZacwyQV4zjjmgejus0HuAgAFk8hgEuV6mNYODTSMn5QXQjZxMz/dSekdU7Li/8ydzW6Rck5H0faC1tlY5Q== jcuadrado@redbeard-consulting.fr\n",
                            "region": "RegionOne"
                        },
                        "meta": {},
                        "tainted": false
                    },
                    "deposed": [],
                    "provider": ""
                },
                "openstack_compute_secgroup_v2.terraform": {
                    "type": "openstack_compute_secgroup_v2",
                    "depends_on": [],
                    "primary": {
                        "id": "b3d96538-0c15-4742-9430-6d1df9ad8894",
                        "attributes": {
                            "description": "Security group for the Terraform example instances",
                            "id": "b3d96538-0c15-4742-9430-6d1df9ad8894",
                            "name": "terraform",
                            "region": "RegionOne",
                            "rule.#": "4",
                            "rule.2180185248.cidr": "0.0.0.0/0",
                            "rule.2180185248.from_group_id": "",
                            "rule.2180185248.from_port": "-1",
                            "rule.2180185248.id": "e2cd9643-c975-4e47-9410-2a5d1cf119b6",
                            "rule.2180185248.ip_protocol": "icmp",
                            "rule.2180185248.self": "false",
                            "rule.2180185248.to_port": "-1",
                            "rule.3211544828.cidr": "0.0.0.0/0",
                            "rule.3211544828.from_group_id": "",
                            "rule.3211544828.from_port": "443",
                            "rule.3211544828.id": "069da148-7c82-4c25-a710-8e9de7735088",
                            "rule.3211544828.ip_protocol": "tcp",
                            "rule.3211544828.self": "false",
                            "rule.3211544828.to_port": "443",
                            "rule.3719211069.cidr": "0.0.0.0/0",
                            "rule.3719211069.from_group_id": "",
                            "rule.3719211069.from_port": "80",
                            "rule.3719211069.id": "fd5c8b5c-4109-4dd1-a4f2-040f9e04ab7e",
                            "rule.3719211069.ip_protocol": "tcp",
                            "rule.3719211069.self": "false",
                            "rule.3719211069.to_port": "80",
                            "rule.836640770.cidr": "0.0.0.0/0",
                            "rule.836640770.from_group_id": "",
                            "rule.836640770.from_port": "22",
                            "rule.836640770.id": "2ea1f1dd-864f-4555-b1f0-0c98d4361d4d",
                            "rule.836640770.ip_protocol": "tcp",
                            "rule.836640770.self": "false",
                            "rule.836640770.to_port": "22"
                        },
                        "meta": {},
                        "tainted": false
                    },
                    "deposed": [],
                    "provider": ""
                },
                "openstack_networking_network_v2.terraform": {
                    "type": "openstack_networking_network_v2",
                    "depends_on": [],
                    "primary": {
                        "id": "3bde564f-4db8-46c0-9a47-65c1a9ca4dab",
                        "attributes": {
                            "admin_state_up": "true",
                            "id": "3bde564f-4db8-46c0-9a47-65c1a9ca4dab",
                            "name": "terraform",
                            "region": "RegionOne",
                            "shared": "false",
                            "tenant_id": "d49d870a349841f6b4411564b82b3868"
                        },
                        "meta": {},
                        "tainted": false
                    },
                    "deposed": [],
                    "provider": ""
                },
                "openstack_networking_router_interface_v2.terraform": {
                    "type": "openstack_networking_router_interface_v2",
                    "depends_on": [
                        "openstack_networking_router_v2.terraform",
                        "openstack_networking_subnet_v2.terraform"
                    ],
                    "primary": {
                        "id": "a5061518-8af0-4987-9ae1-9df1ec3080e5",
                        "attributes": {
                            "id": "a5061518-8af0-4987-9ae1-9df1ec3080e5",
                            "region": "RegionOne",
                            "router_id": "e8864dce-9420-47b6-a7e8-86998ef34c99",
                            "subnet_id": "d777a807-9412-4b8c-99a6-573e0c01c19a"
                        },
                        "meta": {},
                        "tainted": false
                    },
                    "deposed": [],
                    "provider": ""
                },
                "openstack_networking_router_v2.terraform": {
                    "type": "openstack_networking_router_v2",
                    "depends_on": [],
                    "primary": {
                        "id": "e8864dce-9420-47b6-a7e8-86998ef34c99",
                        "attributes": {
                            "admin_state_up": "true",
                            "distributed": "false",
                            "external_gateway": "45306006-f2c9-48bc-a029-028cc3b0a86c",
                            "id": "e8864dce-9420-47b6-a7e8-86998ef34c99",
                            "name": "terraform",
                            "region": "RegionOne",
                            "tenant_id": "d49d870a349841f6b4411564b82b3868"
                        },
                        "meta": {},
                        "tainted": false
                    },
                    "deposed": [],
                    "provider": ""
                },
                "openstack_networking_subnet_v2.terraform": {
                    "type": "openstack_networking_subnet_v2",
                    "depends_on": [
                        "openstack_networking_network_v2.terraform"
                    ],
                    "primary": {
                        "id": "d777a807-9412-4b8c-99a6-573e0c01c19a",
                        "attributes": {
                            "allocation_pools.#": "1",
                            "allocation_pools.0.end": "192.168.199.254",
                            "allocation_pools.0.start": "192.168.199.2",
                            "cidr": "192.168.199.0/24",
                            "dns_nameservers.#": "2",
                            "dns_nameservers.3811298194": "8.8.4.4",
                            "dns_nameservers.3817307869": "8.8.8.8",
                            "enable_dhcp": "true",
                            "gateway_ip": "192.168.199.1",
                            "host_routes.#": "0",
                            "id": "d777a807-9412-4b8c-99a6-573e0c01c19a",
                            "ip_version": "4",
                            "name": "terraform",
                            "network_id": "3bde564f-4db8-46c0-9a47-65c1a9ca4dab",
                            "region": "RegionOne",
                            "tenant_id": "d49d870a349841f6b4411564b82b3868"
                        },
                        "meta": {},
                        "tainted": false
                    },
                    "deposed": [],
                    "provider": ""
                }
            },
            "depends_on": []
        }
    ]
}
