{
    "version": 3,
    "terraform_version": "0.8.6",
    "serial": 23,
    "lineage": "17829716-d82b-434c-b892-6c65b7831ab8",
    "modules": [
        {
            "path": [
                "root"
            ],
            "outputs": {
                "address": {
                    "sensitive": false,
                    "type": "string",
                    "value": "213.32.114.135"
                }
            },
            "resources": {
                "openstack_compute_floatingip_v2.terraform": {
                    "type": "openstack_compute_floatingip_v2",
                    "depends_on": [
                        "openstack_networking_router_interface_v2.terraform"
                    ],
                    "primary": {
                        "id": "b7f8938d-24a4-42ab-ba9a-f167ab6fd62a",
                        "attributes": {
                            "address": "213.32.114.135",
                            "fixed_ip": "",
                            "id": "b7f8938d-24a4-42ab-ba9a-f167ab6fd62a",
                            "instance_id": "",
                            "pool": "internet_floating_net",
                            "region": "RegionOne"
                        },
                        "meta": {},
                        "tainted": false
                    },
                    "deposed": [],
                    "provider": ""
                },
                "openstack_compute_instance_v2.terraform": {
                    "type": "openstack_compute_instance_v2",
                    "depends_on": [
                        "openstack_compute_floatingip_v2.terraform",
                        "openstack_compute_keypair_v2.terraform",
                        "openstack_compute_secgroup_v2.terraform",
                        "openstack_networking_network_v2.terraform"
                    ],
                    "primary": {
                        "id": "933767b9-37ab-4216-89fe-f447952f71ab",
                        "attributes": {
                            "access_ip_v4": "213.32.114.135",
                            "access_ip_v6": "",
                            "flavor_id": "2404e0b1-81fd-4bac-b035-f809f0d76036",
                            "flavor_name": "Large",
                            "floating_ip": "213.32.114.135",
                            "id": "933767b9-37ab-4216-89fe-f447952f71ab",
                            "image_id": "92e32e14-5cd6-4b49-80d2-a74825bf7164",
                            "image_name": "centos-7-x86_64",
                            "key_pair": "terraform",
                            "metadata.%": "0",
                            "name": "terraform",
                            "network.#": "1",
                            "network.0.access_network": "false",
                            "network.0.fixed_ip_v4": "192.168.199.5",
                            "network.0.fixed_ip_v6": "",
                            "network.0.floating_ip": "213.32.114.135",
                            "network.0.mac": "fa:16:3e:a1:70:4c",
                            "network.0.name": "terraform",
                            "network.0.port": "",
                            "network.0.uuid": "186d12a0-d13a-4cbc-adde-da386cd4cfe3",
                            "region": "RegionOne",
                            "security_groups.#": "1",
                            "security_groups.969816526": "terraform",
                            "stop_before_destroy": "false",
                            "volume.#": "0"
                        },
                        "meta": {},
                        "tainted": false
                    },
                    "deposed": [],
                    "provider": ""
                },
                "openstack_compute_keypair_v2.terraform": {
                    "type": "openstack_compute_keypair_v2",
                    "depends_on": [],
                    "primary": {
                        "id": "terraform",
                        "attributes": {
                            "id": "terraform",
                            "name": "terraform",
                            "public_key": "ssh-rsa AAAAB3NzaC1yc2EAAAADAQABAAACAQDIX/Fw4wNHErXOmgQoN28h5SaaqMWgDuZ0+bYjxVWxhf7u7vdfZ+P+JqJHzMNYZem+V2ttksnBc4Q8cWjkleUz9eim6isR/V3CGZqW8o4q4/KPHY7bCsdoL2hHN0hk3KTWBgo0G1g8m7gpzv/3bPIa6eUZ0EvWcNl4s9h3CzgffjnDpq2k4sh2K388xRMNWvmEbiKGVi5xwtjb0I5wZq69sAHdnd4qf3aE3gVEgMBKRRlrOZWzP2bqIo46m4xqja7dav2vH76u5PbEewQ/+Gu5huF33ayp65Wr7NHuzhDmB9zbYwNJprzWSjE0duQTBWcDIC2l4K+RDt6jCKIhxT2BdRyaA45jgXzz0iUNkbWKKkx4qoreuCoK+Wp8hfNFtcOKHsNH+umw+8Hy+CYDBOhqz94kUu/dIxRiPSW1At2tC5rJpSJMGn/7WWTjV2SnkHO97sGOroljnQMedsXxAxdDP3+VBHZYSmKkDFB1gF1zJapAYIavZAsIZQNdf24AsOZA4apUcTB6fnoOhv7ReH2pszfjR+yfSPyKIp+PN+yPSJwOEtSKzWuH8BqI8JeddniR4mSRDa5pNOdV1KyqIXxzJTgUZacwyQV4zjjmgejus0HuAgAFk8hgEuV6mNYODTSMn5QXQjZxMz/dSekdU7Li/8ydzW6Rck5H0faC1tlY5Q== jcuadrado@redbeard-consulting.fr\n",
                            "region": "RegionOne"
                        },
                        "meta": {},
                        "tainted": false
                    },
                    "deposed": [],
                    "provider": ""
                },
                "openstack_compute_secgroup_v2.terraform": {
                    "type": "openstack_compute_secgroup_v2",
                    "depends_on": [],
                    "primary": {
                        "id": "0ed8add5-244c-4949-b10f-cf6dd2f9bba2",
                        "attributes": {
                            "description": "Security group for the Terraform example instances",
                            "id": "0ed8add5-244c-4949-b10f-cf6dd2f9bba2",
                            "name": "terraform",
                            "region": "RegionOne",
                            "rule.#": "3",
                            "rule.2180185248.cidr": "0.0.0.0/0",
                            "rule.2180185248.from_group_id": "",
                            "rule.2180185248.from_port": "-1",
                            "rule.2180185248.id": "d3f97a90-b053-4b15-9ce0-d24ac61d6c2d",
                            "rule.2180185248.ip_protocol": "icmp",
                            "rule.2180185248.self": "false",
                            "rule.2180185248.to_port": "-1",
                            "rule.3719211069.cidr": "0.0.0.0/0",
                            "rule.3719211069.from_group_id": "",
                            "rule.3719211069.from_port": "80",
                            "rule.3719211069.id": "87c2fca6-90d3-4afc-98dd-4ed915308844",
                            "rule.3719211069.ip_protocol": "tcp",
                            "rule.3719211069.self": "false",
                            "rule.3719211069.to_port": "80",
                            "rule.836640770.cidr": "0.0.0.0/0",
                            "rule.836640770.from_group_id": "",
                            "rule.836640770.from_port": "22",
                            "rule.836640770.id": "c599a076-24df-4acd-aaec-9c15d9ff0fba",
                            "rule.836640770.ip_protocol": "tcp",
                            "rule.836640770.self": "false",
                            "rule.836640770.to_port": "22"
                        },
                        "meta": {},
                        "tainted": false
                    },
                    "deposed": [],
                    "provider": ""
                },
                "openstack_networking_network_v2.terraform": {
                    "type": "openstack_networking_network_v2",
                    "depends_on": [],
                    "primary": {
                        "id": "186d12a0-d13a-4cbc-adde-da386cd4cfe3",
                        "attributes": {
                            "admin_state_up": "true",
                            "id": "186d12a0-d13a-4cbc-adde-da386cd4cfe3",
                            "name": "terraform",
                            "region": "RegionOne",
                            "shared": "false",
                            "tenant_id": "873c2b65f4394ea3909cd6ef8b3eea0d"
                        },
                        "meta": {},
                        "tainted": false
                    },
                    "deposed": [],
                    "provider": ""
                },
                "openstack_networking_router_interface_v2.terraform": {
                    "type": "openstack_networking_router_interface_v2",
                    "depends_on": [
                        "openstack_networking_router_v2.terraform",
                        "openstack_networking_subnet_v2.terraform"
                    ],
                    "primary": {
                        "id": "2cbf76d1-cb65-4f1d-bf2d-9599002c062e",
                        "attributes": {
                            "id": "2cbf76d1-cb65-4f1d-bf2d-9599002c062e",
                            "region": "RegionOne",
                            "router_id": "b9676962-7fb5-4c11-9aa1-2da91017de6b",
                            "subnet_id": "a1a28de7-b20e-4d16-99dc-50938538eeef"
                        },
                        "meta": {},
                        "tainted": false
                    },
                    "deposed": [],
                    "provider": ""
                },
                "openstack_networking_router_v2.terraform": {
                    "type": "openstack_networking_router_v2",
                    "depends_on": [],
                    "primary": {
                        "id": "b9676962-7fb5-4c11-9aa1-2da91017de6b",
                        "attributes": {
                            "admin_state_up": "true",
                            "distributed": "false",
                            "external_gateway": "45306006-f2c9-48bc-a029-028cc3b0a86c",
                            "id": "b9676962-7fb5-4c11-9aa1-2da91017de6b",
                            "name": "terraform",
                            "region": "RegionOne",
                            "tenant_id": "873c2b65f4394ea3909cd6ef8b3eea0d"
                        },
                        "meta": {},
                        "tainted": false
                    },
                    "deposed": [],
                    "provider": ""
                },
                "openstack_networking_subnet_v2.terraform": {
                    "type": "openstack_networking_subnet_v2",
                    "depends_on": [
                        "openstack_networking_network_v2.terraform"
                    ],
                    "primary": {
                        "id": "a1a28de7-b20e-4d16-99dc-50938538eeef",
                        "attributes": {
                            "allocation_pools.#": "1",
                            "allocation_pools.0.end": "192.168.199.254",
                            "allocation_pools.0.start": "192.168.199.2",
                            "cidr": "192.168.199.0/24",
                            "dns_nameservers.#": "2",
                            "dns_nameservers.3811298194": "8.8.4.4",
                            "dns_nameservers.3817307869": "8.8.8.8",
                            "enable_dhcp": "true",
                            "gateway_ip": "192.168.199.1",
                            "host_routes.#": "0",
                            "id": "a1a28de7-b20e-4d16-99dc-50938538eeef",
                            "ip_version": "4",
                            "name": "terraform",
                            "network_id": "186d12a0-d13a-4cbc-adde-da386cd4cfe3",
                            "region": "RegionOne",
                            "tenant_id": "873c2b65f4394ea3909cd6ef8b3eea0d"
                        },
                        "meta": {},
                        "tainted": false
                    },
                    "deposed": [],
                    "provider": ""
                }
            },
            "depends_on": []
        }
    ]
}
