{
    "version": 3,
    "terraform_version": "0.8.6",
    "serial": 2,
    "lineage": "9f08a60f-011d-4121-a919-b1dcbf4422d6",
    "modules": [
        {
            "path": [
                "root"
            ],
            "outputs": {},
            "resources": {
                "openstack_compute_floatingip_v2.terraform": {
                    "type": "openstack_compute_floatingip_v2",
                    "depends_on": [
                        "openstack_networking_router_interface_v2.terraform"
                    ],
                    "primary": {
                        "id": "e15e4136-584c-4c6c-8934-45a6f6f615ee",
                        "attributes": {
                            "address": "213.32.115.20",
                            "fixed_ip": "",
                            "id": "e15e4136-584c-4c6c-8934-45a6f6f615ee",
                            "instance_id": "",
                            "pool": "internet_floating_net",
                            "region": "RegionOne"
                        },
                        "meta": {},
                        "tainted": false
                    },
                    "deposed": [],
                    "provider": ""
                },
                "openstack_compute_keypair_v2.ca_jcukey_pub": {
                    "type": "openstack_compute_keypair_v2",
                    "depends_on": [],
                    "primary": {
                        "id": "ca_jcukey_pub",
                        "attributes": {
                            "id": "ca_jcukey_pub",
                            "name": "ca_jcukey_pub",
                            "public_key": "ssh-rsa AAAAB3NzaC1yc2EAAAADAQABAAABAQCzTpThsYGsuQ2nGtvTn04Ufe22N57bP64Jcr3tvEItNI93NvtRRJIVG+azPOL5e2kxGuvC/K14QsnqglQSY3NJ8BVx4RJwRDz4KmM1BRCBqyJJ6zV4NWFOeKl3ZNVQT4hIW+k9te0TVy3zFbyy4hS49ORC8gWKaPBH5uoFQcL0AuteAHfPAXdzPvNGzzJ0/qZi1PEhn16i6MP0V2hqiuo5/BR/0lWI9J+jMKZ34PV9EXZ56WqQokluNc9BZm+fUnt26HAxrEL5vpWVJEr7ZEF5fIez1fd3QpLXEyXiyUJS3FbSkRnOBaYEgmIKwHEF6oECwdoa4RnRs8wv5jIAj5zX\n",
                            "region": "RegionOne"
                        },
                        "meta": {},
                        "tainted": false
                    },
                    "deposed": [],
                    "provider": ""
                },
                "openstack_compute_keypair_v2.jfo_key_pub": {
                    "type": "openstack_compute_keypair_v2",
                    "depends_on": [],
                    "primary": {
                        "id": "jfo_key_pub",
                        "attributes": {
                            "id": "jfo_key_pub",
                            "name": "jfo_key_pub",
                            "public_key": "ssh-rsa AAAAB3NzaC1yc2EAAAABIwAAAQEAuWXltQGAYsNuN1DCEp5YHrpOvV+UdwXFPuw4t1CrgZwRAgF+iwPUqhD7vYeV5JNRc/QfGLXHkOVA1H5FtuX6vKWcxqC4NVUMieSRqZHPhZLU+AlCPSUzw0CbkARsv3MxNo5s88Ve+w3Tfb5XDOorrPgdzXmVRHKf7GI0JRyO7RA00JkR076mPg3Cas8WjqkNMhVl9zA4JCXcqpWaqCHVS4ejuUsbQHSdnsul7qlr9cMTeWgVuGxNSZKnQF9QT1wr2CQkkFmJD7KO2JX2J+aDN4tObnCx2u2HXgh1Cda7vL0BuzQ5ua/H/hsLqI2AnZTfXJaxvhXuMhH1OGeqRYjkTQ== julien_forest@sltbda18.dcn.fr.carrefour.com\n",
                            "region": "RegionOne"
                        },
                        "meta": {},
                        "tainted": false
                    },
                    "deposed": [],
                    "provider": ""
                },
                "openstack_compute_secgroup_v2.terraform": {
                    "type": "openstack_compute_secgroup_v2",
                    "depends_on": [],
                    "primary": {
                        "id": "924ae0ec-e5bc-4c5d-ae23-07bb2f59838f",
                        "attributes": {
                            "description": "Security group for the Terraform example instances",
                            "id": "924ae0ec-e5bc-4c5d-ae23-07bb2f59838f",
                            "name": "terraform",
                            "region": "RegionOne",
                            "rule.#": "3",
                            "rule.2180185248.cidr": "0.0.0.0/0",
                            "rule.2180185248.from_group_id": "",
                            "rule.2180185248.from_port": "-1",
                            "rule.2180185248.id": "f5e96570-ab91-45c4-9c9c-47fae2afd4be",
                            "rule.2180185248.ip_protocol": "icmp",
                            "rule.2180185248.self": "false",
                            "rule.2180185248.to_port": "-1",
                            "rule.3719211069.cidr": "0.0.0.0/0",
                            "rule.3719211069.from_group_id": "",
                            "rule.3719211069.from_port": "80",
                            "rule.3719211069.id": "c2f88f8f-96da-4f2d-91cb-fde28f3964a5",
                            "rule.3719211069.ip_protocol": "tcp",
                            "rule.3719211069.self": "false",
                            "rule.3719211069.to_port": "80",
                            "rule.836640770.cidr": "0.0.0.0/0",
                            "rule.836640770.from_group_id": "",
                            "rule.836640770.from_port": "22",
                            "rule.836640770.id": "9ee7a66e-0914-47f9-b358-9e2f949926d6",
                            "rule.836640770.ip_protocol": "tcp",
                            "rule.836640770.self": "false",
                            "rule.836640770.to_port": "22"
                        },
                        "meta": {},
                        "tainted": false
                    },
                    "deposed": [],
                    "provider": ""
                },
                "openstack_networking_network_v2.terraform": {
                    "type": "openstack_networking_network_v2",
                    "depends_on": [],
                    "primary": {
                        "id": "bfa9e4a2-c711-4773-b45c-d27071b81f6f",
                        "attributes": {
                            "admin_state_up": "true",
                            "id": "bfa9e4a2-c711-4773-b45c-d27071b81f6f",
                            "name": "terraform",
                            "region": "RegionOne",
                            "shared": "false",
                            "tenant_id": "873c2b65f4394ea3909cd6ef8b3eea0d"
                        },
                        "meta": {},
                        "tainted": false
                    },
                    "deposed": [],
                    "provider": ""
                },
                "openstack_networking_router_interface_v2.terraform": {
                    "type": "openstack_networking_router_interface_v2",
                    "depends_on": [
                        "openstack_networking_router_v2.terraform",
                        "openstack_networking_subnet_v2.terraform"
                    ],
                    "primary": {
                        "id": "2c6e6822-c4b8-4e03-a74a-ce87aa778cdf",
                        "attributes": {
                            "id": "2c6e6822-c4b8-4e03-a74a-ce87aa778cdf",
                            "region": "RegionOne",
                            "router_id": "56c54d16-d822-4260-8748-ed79f30d60b1",
                            "subnet_id": "f2b0d65e-3c69-46fd-af2e-6bb8bd0a5ed7"
                        },
                        "meta": {},
                        "tainted": false
                    },
                    "deposed": [],
                    "provider": ""
                },
                "openstack_networking_router_v2.terraform": {
                    "type": "openstack_networking_router_v2",
                    "depends_on": [],
                    "primary": {
                        "id": "56c54d16-d822-4260-8748-ed79f30d60b1",
                        "attributes": {
                            "admin_state_up": "true",
                            "distributed": "false",
                            "external_gateway": "45306006-f2c9-48bc-a029-028cc3b0a86c",
                            "id": "56c54d16-d822-4260-8748-ed79f30d60b1",
                            "name": "terraform",
                            "region": "RegionOne",
                            "tenant_id": "873c2b65f4394ea3909cd6ef8b3eea0d"
                        },
                        "meta": {},
                        "tainted": false
                    },
                    "deposed": [],
                    "provider": ""
                },
                "openstack_networking_subnet_v2.terraform": {
                    "type": "openstack_networking_subnet_v2",
                    "depends_on": [
                        "openstack_networking_network_v2.terraform"
                    ],
                    "primary": {
                        "id": "f2b0d65e-3c69-46fd-af2e-6bb8bd0a5ed7",
                        "attributes": {
                            "allocation_pools.#": "1",
                            "allocation_pools.0.end": "192.168.199.254",
                            "allocation_pools.0.start": "192.168.199.2",
                            "cidr": "192.168.199.0/24",
                            "dns_nameservers.#": "2",
                            "dns_nameservers.3811298194": "8.8.4.4",
                            "dns_nameservers.3817307869": "8.8.8.8",
                            "enable_dhcp": "true",
                            "gateway_ip": "192.168.199.1",
                            "host_routes.#": "0",
                            "id": "f2b0d65e-3c69-46fd-af2e-6bb8bd0a5ed7",
                            "ip_version": "4",
                            "name": "terraform",
                            "network_id": "bfa9e4a2-c711-4773-b45c-d27071b81f6f",
                            "region": "RegionOne",
                            "tenant_id": "873c2b65f4394ea3909cd6ef8b3eea0d"
                        },
                        "meta": {},
                        "tainted": false
                    },
                    "deposed": [],
                    "provider": ""
                }
            },
            "depends_on": []
        }
    ]
}
